
Microsoft Visual Studio Solution File, Format Version 12.00
# Visual Studio Version 17
VisualStudioVersion = 17.1.31911.260
MinimumVisualStudioVersion = 10.0.40219.1
Project("{2150E333-8FDC-42A3-9474-1A3956D46DE8}") = "templates", "templates", "{340022E0-BCDA-445B-8273-D46506041C56}"
EndProject
Project("{2150E333-8FDC-42A3-9474-1A3956D46DE8}") = "libanvl.tool.standalone", "libanvl.tool.standalone", "{1BF15B7D-1876-4EB9-B6C1-D902A7A6622D}"
EndProject
Project("{9A19103F-16F7-4668-BE54-9A1E7A4F7556}") = "libanvl.tool", "templates\libanvl.tool.standalone\libanvl.tool\libanvl.tool.csproj", "{510E8D6D-B044-465F-BB94-10299C5FED5E}"
EndProject
Project("{9A19103F-16F7-4668-BE54-9A1E7A4F7556}") = "libanvl.tool.test", "templates\libanvl.tool.standalone\libanvl.tool.test\libanvl.tool.test.csproj", "{531ED683-C7D5-4F92-B2D0-89BA714C3509}"
EndProject
Project("{FAE04EC0-301F-11D3-BF4B-00C04F79EFBC}") = "TemplatePack", "TemplatePack.csproj", "{E777DA8D-E3FD-4169-BA0F-5EB030EDD4A3}"
EndProject
Global
	GlobalSection(SolutionConfigurationPlatforms) = preSolution
		Debug|Any CPU = Debug|Any CPU
		Release|Any CPU = Release|Any CPU
	EndGlobalSection
	GlobalSection(ProjectConfigurationPlatforms) = postSolution
		{510E8D6D-B044-465F-BB94-10299C5FED5E}.Debug|Any CPU.ActiveCfg = Debug|Any CPU
		{510E8D6D-B044-465F-BB94-10299C5FED5E}.Debug|Any CPU.Build.0 = Debug|Any CPU
		{510E8D6D-B044-465F-BB94-10299C5FED5E}.Release|Any CPU.ActiveCfg = Release|Any CPU
		{510E8D6D-B044-465F-BB94-10299C5FED5E}.Release|Any CPU.Build.0 = Release|Any CPU
		{531ED683-C7D5-4F92-B2D0-89BA714C3509}.Debug|Any CPU.ActiveCfg = Debug|Any CPU
		{531ED683-C7D5-4F92-B2D0-89BA714C3509}.Debug|Any CPU.Build.0 = Debug|Any CPU
		{531ED683-C7D5-4F92-B2D0-89BA714C3509}.Release|Any CPU.ActiveCfg = Release|Any CPU
		{531ED683-C7D5-4F92-B2D0-89BA714C3509}.Release|Any CPU.Build.0 = Release|Any CPU
		{E777DA8D-E3FD-4169-BA0F-5EB030EDD4A3}.Debug|Any CPU.ActiveCfg = Debug|Any CPU
		{E777DA8D-E3FD-4169-BA0F-5EB030EDD4A3}.Debug|Any CPU.Build.0 = Debug|Any CPU
		{E777DA8D-E3FD-4169-BA0F-5EB030EDD4A3}.Release|Any CPU.ActiveCfg = Release|Any CPU
		{E777DA8D-E3FD-4169-BA0F-5EB030EDD4A3}.Release|Any CPU.Build.0 = Release|Any CPU
	EndGlobalSection
	GlobalSection(SolutionProperties) = preSolution
		HideSolutionNode = FALSE
	EndGlobalSection
	GlobalSection(NestedProjects) = preSolution
		{1BF15B7D-1876-4EB9-B6C1-D902A7A6622D} = {340022E0-BCDA-445B-8273-D46506041C56}
		{510E8D6D-B044-465F-BB94-10299C5FED5E} = {1BF15B7D-1876-4EB9-B6C1-D902A7A6622D}
		{531ED683-C7D5-4F92-B2D0-89BA714C3509} = {1BF15B7D-1876-4EB9-B6C1-D902A7A6622D}
	EndGlobalSection
	GlobalSection(ExtensibilityGlobals) = postSolution
		SolutionGuid = {15816984-ED62-4481-8F87-399A0CA530CA}
	EndGlobalSection
EndGlobal
